
Microsoft Visual Studio Solution File, Format Version 12.00
# Visual Studio Version 17
VisualStudioVersion = 17.14.36429.23 d17.14
MinimumVisualStudioVersion = 10.0.40219.1
Project("{FAE04EC0-301F-11D3-BF4B-00C04F79EFBC}") = "cs1_hw2", "cs1_hw2.csproj", "{87DF556C-A72C-487F-B8AE-67F65E5D277E}"
EndProject
Global
	GlobalSection(SolutionConfigurationPlatforms) = preSolution
		Debug|Any CPU = Debug|Any CPU
		Release|Any CPU = Release|Any CPU
	EndGlobalSection
	GlobalSection(ProjectConfigurationPlatforms) = postSolution
		{87DF556C-A72C-487F-B8AE-67F65E5D277E}.Debug|Any CPU.ActiveCfg = Debug|Any CPU
		{87DF556C-A72C-487F-B8AE-67F65E5D277E}.Debug|Any CPU.Build.0 = Debug|Any CPU
		{87DF556C-A72C-487F-B8AE-67F65E5D277E}.Release|Any CPU.ActiveCfg = Release|Any CPU
		{87DF556C-A72C-487F-B8AE-67F65E5D277E}.Release|Any CPU.Build.0 = Release|Any CPU
	EndGlobalSection
	GlobalSection(SolutionProperties) = preSolution
		HideSolutionNode = FALSE
	EndGlobalSection
	GlobalSection(ExtensibilityGlobals) = postSolution
		SolutionGuid = {246C4BAE-E7B9-49C4-878A-1B3ED2613321}
	EndGlobalSection
EndGlobal
