
Microsoft Visual Studio Solution File, Format Version 12.00
# Visual Studio Version 17
VisualStudioVersion = 17.14.36429.23 d17.14
MinimumVisualStudioVersion = 10.0.40219.1
Project("{FAE04EC0-301F-11D3-BF4B-00C04F79EFBC}") = "cs1_cv6", "cs1_cv6.csproj", "{1DA0295E-3F4B-44F2-A53A-2D4E47111845}"
EndProject
Global
	GlobalSection(SolutionConfigurationPlatforms) = preSolution
		Debug|Any CPU = Debug|Any CPU
		Release|Any CPU = Release|Any CPU
	EndGlobalSection
	GlobalSection(ProjectConfigurationPlatforms) = postSolution
		{1DA0295E-3F4B-44F2-A53A-2D4E47111845}.Debug|Any CPU.ActiveCfg = Debug|Any CPU
		{1DA0295E-3F4B-44F2-A53A-2D4E47111845}.Debug|Any CPU.Build.0 = Debug|Any CPU
		{1DA0295E-3F4B-44F2-A53A-2D4E47111845}.Release|Any CPU.ActiveCfg = Release|Any CPU
		{1DA0295E-3F4B-44F2-A53A-2D4E47111845}.Release|Any CPU.Build.0 = Release|Any CPU
	EndGlobalSection
	GlobalSection(SolutionProperties) = preSolution
		HideSolutionNode = FALSE
	EndGlobalSection
	GlobalSection(ExtensibilityGlobals) = postSolution
		SolutionGuid = {10FCAF7D-4F56-4E48-828E-02D272F4FF94}
	EndGlobalSection
EndGlobal
